// !$*UTF8*$!
{
	archiveVersion = 1;
	classes = {
	};
	objectVersion = 56;
	objects = {

/* Begin PBXBuildFile section */
		AE545436257B7047D7180D7A /* Dogs_IOSTests-Dogs_IOSMocks.generated.swift in Sources */ = {isa = PBXBuildFile; fileRef = F8B83748372D35B917A835CB /* Dogs_IOSTests-Dogs_IOSMocks.generated.swift */; };
		BE1C06EF2B0D2AED005016B4 /* RemoteDogRepository.swift in Sources */ = {isa = PBXBuildFile; fileRef = BE1C06EE2B0D2AED005016B4 /* RemoteDogRepository.swift */; };
		BE1C06F12B0D2C0C005016B4 /* RemoteDogRepositoryImpl.swift in Sources */ = {isa = PBXBuildFile; fileRef = BE1C06F02B0D2C0C005016B4 /* RemoteDogRepositoryImpl.swift */; };
		BE1C06F32B0D2FEA005016B4 /* DogModel+Decodable.swift in Sources */ = {isa = PBXBuildFile; fileRef = BE1C06F22B0D2FEA005016B4 /* DogModel+Decodable.swift */; };
		BE1C06F62B0D3104005016B4 /* MockResponses.xcassets in Resources */ = {isa = PBXBuildFile; fileRef = BE1C06F52B0D3104005016B4 /* MockResponses.xcassets */; };
		BE1C06F92B0D3BD8005016B4 /* DogsError.swift in Sources */ = {isa = PBXBuildFile; fileRef = BE1C06F82B0D3BD8005016B4 /* DogsError.swift */; };
		BE1C06FC2B0D43FD005016B4 /* RemoteDogRepositoryImplTests.swift in Sources */ = {isa = PBXBuildFile; fileRef = BE1C06FB2B0D43FD005016B4 /* RemoteDogRepositoryImplTests.swift */; };
		BE1C06FD2B0D6331005016B4 /* MockResponses.xcassets in Resources */ = {isa = PBXBuildFile; fileRef = BE1C06F52B0D3104005016B4 /* MockResponses.xcassets */; };
		BE1C07022B0DA1FD005016B4 /* LocalProvider.swift in Sources */ = {isa = PBXBuildFile; fileRef = BE1C07012B0DA1FD005016B4 /* LocalProvider.swift */; };
		BE1C07042B0DA25E005016B4 /* CoreDataProviderImpl.swift in Sources */ = {isa = PBXBuildFile; fileRef = BE1C07032B0DA25E005016B4 /* CoreDataProviderImpl.swift */; };
		BE1C07072B0DAA3A005016B4 /* CoreDataProviderImplTests.swift in Sources */ = {isa = PBXBuildFile; fileRef = BE1C07062B0DAA3A005016B4 /* CoreDataProviderImplTests.swift */; };
		BE1C07092B0DAA63005016B4 /* NSPersistentContainer+Mock.swift in Sources */ = {isa = PBXBuildFile; fileRef = BE1C07082B0DAA63005016B4 /* NSPersistentContainer+Mock.swift */; };
		BE1C070C2B0DC824005016B4 /* LocalDogRepository.swift in Sources */ = {isa = PBXBuildFile; fileRef = BE1C070B2B0DC823005016B4 /* LocalDogRepository.swift */; };
		BE1C070E2B0DC837005016B4 /* LocalDogRepositoryImpl.swift in Sources */ = {isa = PBXBuildFile; fileRef = BE1C070D2B0DC837005016B4 /* LocalDogRepositoryImpl.swift */; };
		BE1C07102B0DCC3C005016B4 /* DogModel+NSManagedObject.swift in Sources */ = {isa = PBXBuildFile; fileRef = BE1C070F2B0DCC3C005016B4 /* DogModel+NSManagedObject.swift */; };
		BE1C07132B0DD576005016B4 /* Dog+Model.swift in Sources */ = {isa = PBXBuildFile; fileRef = BE1C07122B0DD576005016B4 /* Dog+Model.swift */; };
		BE1C07152B0DDD05005016B4 /* LocalDogRepositoryImplTests.swift in Sources */ = {isa = PBXBuildFile; fileRef = BE1C07142B0DDD05005016B4 /* LocalDogRepositoryImplTests.swift */; };
		BE1C071C2B0DEDC8005016B4 /* FetchDogsUseCase.swift in Sources */ = {isa = PBXBuildFile; fileRef = BE1C071B2B0DEDC8005016B4 /* FetchDogsUseCase.swift */; };
		BE1C071E2B0DEDDE005016B4 /* SaveDogsUseCase.swift in Sources */ = {isa = PBXBuildFile; fileRef = BE1C071D2B0DEDDE005016B4 /* SaveDogsUseCase.swift */; };
		BE1C07202B0DEEBE005016B4 /* FetchDogsUseCaseImpl.swift in Sources */ = {isa = PBXBuildFile; fileRef = BE1C071F2B0DEEBE005016B4 /* FetchDogsUseCaseImpl.swift */; };
		BE1C07222B0DEECC005016B4 /* SaveDogsUseCaseImpl.swift in Sources */ = {isa = PBXBuildFile; fileRef = BE1C07212B0DEECC005016B4 /* SaveDogsUseCaseImpl.swift */; };
		BE1C07262B0E6C39005016B4 /* FetchDogsUseCaseImplTests.swift in Sources */ = {isa = PBXBuildFile; fileRef = BE1C07252B0E6C39005016B4 /* FetchDogsUseCaseImplTests.swift */; };
		BE1C07282B0E6C50005016B4 /* SaveDogsUseCaseImplTests.swift in Sources */ = {isa = PBXBuildFile; fileRef = BE1C07272B0E6C50005016B4 /* SaveDogsUseCaseImplTests.swift */; };
		BE5B49462B0BCA3700093ACB /* Dogs_IOSApp.swift in Sources */ = {isa = PBXBuildFile; fileRef = BE5B49452B0BCA3700093ACB /* Dogs_IOSApp.swift */; };
		BE5B49482B0BCA3700093ACB /* Persistence.swift in Sources */ = {isa = PBXBuildFile; fileRef = BE5B49472B0BCA3700093ACB /* Persistence.swift */; };
		BE5B494B2B0BCA3700093ACB /* Dogs_IOS.xcdatamodeld in Sources */ = {isa = PBXBuildFile; fileRef = BE5B49492B0BCA3700093ACB /* Dogs_IOS.xcdatamodeld */; };
		BE5B494D2B0BCA3700093ACB /* ContentView.swift in Sources */ = {isa = PBXBuildFile; fileRef = BE5B494C2B0BCA3700093ACB /* ContentView.swift */; };
		BE5B494F2B0BCA3800093ACB /* Assets.xcassets in Resources */ = {isa = PBXBuildFile; fileRef = BE5B494E2B0BCA3800093ACB /* Assets.xcassets */; };
		BE5B49532B0BCA3800093ACB /* Preview Assets.xcassets in Resources */ = {isa = PBXBuildFile; fileRef = BE5B49522B0BCA3800093ACB /* Preview Assets.xcassets */; };
		BE5B49672B0BCA3800093ACB /* Dogs_IOSUITests.swift in Sources */ = {isa = PBXBuildFile; fileRef = BE5B49662B0BCA3800093ACB /* Dogs_IOSUITests.swift */; };
		BE5B49692B0BCA3800093ACB /* Dogs_IOSUITestsLaunchTests.swift in Sources */ = {isa = PBXBuildFile; fileRef = BE5B49682B0BCA3800093ACB /* Dogs_IOSUITestsLaunchTests.swift */; };
		BE5B49852B0BF60D00093ACB /* DogModel.swift in Sources */ = {isa = PBXBuildFile; fileRef = BE5B49842B0BF60D00093ACB /* DogModel.swift */; };
		BE5B49892B0BF90E00093ACB /* DogModelTests.swift in Sources */ = {isa = PBXBuildFile; fileRef = BE5B49882B0BF90E00093ACB /* DogModelTests.swift */; };
		BE5B498C2B0C139D00093ACB /* NetworkProviderImpl.swift in Sources */ = {isa = PBXBuildFile; fileRef = BE5B498B2B0C139D00093ACB /* NetworkProviderImpl.swift */; };
		BE5B498F2B0C174200093ACB /* NetworkProvider.swift in Sources */ = {isa = PBXBuildFile; fileRef = BE5B498E2B0C174200093ACB /* NetworkProvider.swift */; };
		BE5B49932B0C228E00093ACB /* Mockingbird in Frameworks */ = {isa = PBXBuildFile; productRef = BE5B49922B0C228E00093ACB /* Mockingbird */; };
		BE5B49952B0C2A4800093ACB /* NetworkProviderImplTests.swift in Sources */ = {isa = PBXBuildFile; fileRef = BE5B49942B0C2A4800093ACB /* NetworkProviderImplTests.swift */; };
		BE5B49A82B0C61CE00093ACB /* URLProtocolMock.swift in Sources */ = {isa = PBXBuildFile; fileRef = BE5B49A72B0C61CE00093ACB /* URLProtocolMock.swift */; };
/* End PBXBuildFile section */

/* Begin PBXContainerItemProxy section */
		BE5B49592B0BCA3800093ACB /* PBXContainerItemProxy */ = {
			isa = PBXContainerItemProxy;
			containerPortal = BE5B493A2B0BCA3700093ACB /* Project object */;
			proxyType = 1;
			remoteGlobalIDString = BE5B49412B0BCA3700093ACB;
			remoteInfo = "Dogs-IOS";
		};
		BE5B49632B0BCA3800093ACB /* PBXContainerItemProxy */ = {
			isa = PBXContainerItemProxy;
			containerPortal = BE5B493A2B0BCA3700093ACB /* Project object */;
			proxyType = 1;
			remoteGlobalIDString = BE5B49412B0BCA3700093ACB;
			remoteInfo = "Dogs-IOS";
		};
/* End PBXContainerItemProxy section */

/* Begin PBXFileReference section */
		BE1C06EE2B0D2AED005016B4 /* RemoteDogRepository.swift */ = {isa = PBXFileReference; lastKnownFileType = sourcecode.swift; path = RemoteDogRepository.swift; sourceTree = "<group>"; };
		BE1C06F02B0D2C0C005016B4 /* RemoteDogRepositoryImpl.swift */ = {isa = PBXFileReference; lastKnownFileType = sourcecode.swift; path = RemoteDogRepositoryImpl.swift; sourceTree = "<group>"; };
		BE1C06F22B0D2FEA005016B4 /* DogModel+Decodable.swift */ = {isa = PBXFileReference; lastKnownFileType = sourcecode.swift; path = "DogModel+Decodable.swift"; sourceTree = "<group>"; };
		BE1C06F52B0D3104005016B4 /* MockResponses.xcassets */ = {isa = PBXFileReference; lastKnownFileType = folder.assetcatalog; path = MockResponses.xcassets; sourceTree = "<group>"; };
		BE1C06F82B0D3BD8005016B4 /* DogsError.swift */ = {isa = PBXFileReference; lastKnownFileType = sourcecode.swift; path = DogsError.swift; sourceTree = "<group>"; };
		BE1C06FB2B0D43FD005016B4 /* RemoteDogRepositoryImplTests.swift */ = {isa = PBXFileReference; lastKnownFileType = sourcecode.swift; path = RemoteDogRepositoryImplTests.swift; sourceTree = "<group>"; };
		BE1C07012B0DA1FD005016B4 /* LocalProvider.swift */ = {isa = PBXFileReference; lastKnownFileType = sourcecode.swift; path = LocalProvider.swift; sourceTree = "<group>"; };
		BE1C07032B0DA25E005016B4 /* CoreDataProviderImpl.swift */ = {isa = PBXFileReference; lastKnownFileType = sourcecode.swift; path = CoreDataProviderImpl.swift; sourceTree = "<group>"; };
		BE1C07062B0DAA3A005016B4 /* CoreDataProviderImplTests.swift */ = {isa = PBXFileReference; lastKnownFileType = sourcecode.swift; path = CoreDataProviderImplTests.swift; sourceTree = "<group>"; };
		BE1C07082B0DAA63005016B4 /* NSPersistentContainer+Mock.swift */ = {isa = PBXFileReference; lastKnownFileType = sourcecode.swift; path = "NSPersistentContainer+Mock.swift"; sourceTree = "<group>"; };
		BE1C070B2B0DC823005016B4 /* LocalDogRepository.swift */ = {isa = PBXFileReference; lastKnownFileType = sourcecode.swift; path = LocalDogRepository.swift; sourceTree = "<group>"; };
		BE1C070D2B0DC837005016B4 /* LocalDogRepositoryImpl.swift */ = {isa = PBXFileReference; lastKnownFileType = sourcecode.swift; path = LocalDogRepositoryImpl.swift; sourceTree = "<group>"; };
		BE1C070F2B0DCC3C005016B4 /* DogModel+NSManagedObject.swift */ = {isa = PBXFileReference; lastKnownFileType = sourcecode.swift; path = "DogModel+NSManagedObject.swift"; sourceTree = "<group>"; };
		BE1C07122B0DD576005016B4 /* Dog+Model.swift */ = {isa = PBXFileReference; lastKnownFileType = sourcecode.swift; path = "Dog+Model.swift"; sourceTree = "<group>"; };
		BE1C07142B0DDD05005016B4 /* LocalDogRepositoryImplTests.swift */ = {isa = PBXFileReference; lastKnownFileType = sourcecode.swift; path = LocalDogRepositoryImplTests.swift; sourceTree = "<group>"; };
		BE1C071B2B0DEDC8005016B4 /* FetchDogsUseCase.swift */ = {isa = PBXFileReference; lastKnownFileType = sourcecode.swift; path = FetchDogsUseCase.swift; sourceTree = "<group>"; };
		BE1C071D2B0DEDDE005016B4 /* SaveDogsUseCase.swift */ = {isa = PBXFileReference; lastKnownFileType = sourcecode.swift; path = SaveDogsUseCase.swift; sourceTree = "<group>"; };
		BE1C071F2B0DEEBE005016B4 /* FetchDogsUseCaseImpl.swift */ = {isa = PBXFileReference; lastKnownFileType = sourcecode.swift; path = FetchDogsUseCaseImpl.swift; sourceTree = "<group>"; };
		BE1C07212B0DEECC005016B4 /* SaveDogsUseCaseImpl.swift */ = {isa = PBXFileReference; lastKnownFileType = sourcecode.swift; path = SaveDogsUseCaseImpl.swift; sourceTree = "<group>"; };
		BE1C07252B0E6C39005016B4 /* FetchDogsUseCaseImplTests.swift */ = {isa = PBXFileReference; lastKnownFileType = sourcecode.swift; path = FetchDogsUseCaseImplTests.swift; sourceTree = "<group>"; };
		BE1C07272B0E6C50005016B4 /* SaveDogsUseCaseImplTests.swift */ = {isa = PBXFileReference; lastKnownFileType = sourcecode.swift; path = SaveDogsUseCaseImplTests.swift; sourceTree = "<group>"; };
		BE5B49422B0BCA3700093ACB /* Dogs-IOS.app */ = {isa = PBXFileReference; explicitFileType = wrapper.application; includeInIndex = 0; path = "Dogs-IOS.app"; sourceTree = BUILT_PRODUCTS_DIR; };
		BE5B49452B0BCA3700093ACB /* Dogs_IOSApp.swift */ = {isa = PBXFileReference; lastKnownFileType = sourcecode.swift; path = Dogs_IOSApp.swift; sourceTree = "<group>"; };
		BE5B49472B0BCA3700093ACB /* Persistence.swift */ = {isa = PBXFileReference; lastKnownFileType = sourcecode.swift; path = Persistence.swift; sourceTree = "<group>"; };
		BE5B494A2B0BCA3700093ACB /* Dogs_IOS.xcdatamodel */ = {isa = PBXFileReference; lastKnownFileType = wrapper.xcdatamodel; path = Dogs_IOS.xcdatamodel; sourceTree = "<group>"; };
		BE5B494C2B0BCA3700093ACB /* ContentView.swift */ = {isa = PBXFileReference; lastKnownFileType = sourcecode.swift; path = ContentView.swift; sourceTree = "<group>"; };
		BE5B494E2B0BCA3800093ACB /* Assets.xcassets */ = {isa = PBXFileReference; lastKnownFileType = folder.assetcatalog; path = Assets.xcassets; sourceTree = "<group>"; };
		BE5B49502B0BCA3800093ACB /* Dogs_IOS.entitlements */ = {isa = PBXFileReference; lastKnownFileType = text.plist.entitlements; path = Dogs_IOS.entitlements; sourceTree = "<group>"; };
		BE5B49522B0BCA3800093ACB /* Preview Assets.xcassets */ = {isa = PBXFileReference; lastKnownFileType = folder.assetcatalog; path = "Preview Assets.xcassets"; sourceTree = "<group>"; };
		BE5B49582B0BCA3800093ACB /* Dogs-IOSTests.xctest */ = {isa = PBXFileReference; explicitFileType = wrapper.cfbundle; includeInIndex = 0; path = "Dogs-IOSTests.xctest"; sourceTree = BUILT_PRODUCTS_DIR; };
		BE5B49622B0BCA3800093ACB /* Dogs-IOSUITests.xctest */ = {isa = PBXFileReference; explicitFileType = wrapper.cfbundle; includeInIndex = 0; path = "Dogs-IOSUITests.xctest"; sourceTree = BUILT_PRODUCTS_DIR; };
		BE5B49662B0BCA3800093ACB /* Dogs_IOSUITests.swift */ = {isa = PBXFileReference; lastKnownFileType = sourcecode.swift; path = Dogs_IOSUITests.swift; sourceTree = "<group>"; };
		BE5B49682B0BCA3800093ACB /* Dogs_IOSUITestsLaunchTests.swift */ = {isa = PBXFileReference; lastKnownFileType = sourcecode.swift; path = Dogs_IOSUITestsLaunchTests.swift; sourceTree = "<group>"; };
		BE5B49842B0BF60D00093ACB /* DogModel.swift */ = {isa = PBXFileReference; lastKnownFileType = sourcecode.swift; path = DogModel.swift; sourceTree = "<group>"; };
		BE5B49882B0BF90E00093ACB /* DogModelTests.swift */ = {isa = PBXFileReference; lastKnownFileType = sourcecode.swift; path = DogModelTests.swift; sourceTree = "<group>"; };
		BE5B498B2B0C139D00093ACB /* NetworkProviderImpl.swift */ = {isa = PBXFileReference; lastKnownFileType = sourcecode.swift; path = NetworkProviderImpl.swift; sourceTree = "<group>"; };
		BE5B498E2B0C174200093ACB /* NetworkProvider.swift */ = {isa = PBXFileReference; lastKnownFileType = sourcecode.swift; path = NetworkProvider.swift; sourceTree = "<group>"; };
		BE5B49942B0C2A4800093ACB /* NetworkProviderImplTests.swift */ = {isa = PBXFileReference; lastKnownFileType = sourcecode.swift; path = NetworkProviderImplTests.swift; sourceTree = "<group>"; };
		BE5B49A72B0C61CE00093ACB /* URLProtocolMock.swift */ = {isa = PBXFileReference; lastKnownFileType = sourcecode.swift; path = URLProtocolMock.swift; sourceTree = "<group>"; };
		F8B83748372D35B917A835CB /* Dogs_IOSTests-Dogs_IOSMocks.generated.swift */ = {isa = PBXFileReference; explicitFileType = sourcecode.swift; name = "Dogs_IOSTests-Dogs_IOSMocks.generated.swift"; path = "MockingbirdMocks/Dogs_IOSTests-Dogs_IOSMocks.generated.swift"; sourceTree = "<group>"; };
/* End PBXFileReference section */

/* Begin PBXFrameworksBuildPhase section */
		BE5B493F2B0BCA3700093ACB /* Frameworks */ = {
			isa = PBXFrameworksBuildPhase;
			buildActionMask = 2147483647;
			files = (
			);
			runOnlyForDeploymentPostprocessing = 0;
		};
		BE5B49552B0BCA3800093ACB /* Frameworks */ = {
			isa = PBXFrameworksBuildPhase;
			buildActionMask = 2147483647;
			files = (
				BE5B49932B0C228E00093ACB /* Mockingbird in Frameworks */,
			);
			runOnlyForDeploymentPostprocessing = 0;
		};
		BE5B495F2B0BCA3800093ACB /* Frameworks */ = {
			isa = PBXFrameworksBuildPhase;
			buildActionMask = 2147483647;
			files = (
			);
			runOnlyForDeploymentPostprocessing = 0;
		};
/* End PBXFrameworksBuildPhase section */

/* Begin PBXGroup section */
		76265997B7518A13B7547FD5 /* Generated Mocks */ = {
			isa = PBXGroup;
			children = (
				F8B83748372D35B917A835CB /* Dogs_IOSTests-Dogs_IOSMocks.generated.swift */,
			);
			name = "Generated Mocks";
			sourceTree = "<group>";
		};
		BE1C06EC2B0D28E2005016B4 /* Repositories */ = {
			isa = PBXGroup;
			children = (
				BE1C06ED2B0D28EB005016B4 /* Protocol */,
				BE1C06F02B0D2C0C005016B4 /* RemoteDogRepositoryImpl.swift */,
				BE1C070D2B0DC837005016B4 /* LocalDogRepositoryImpl.swift */,
			);
			path = Repositories;
			sourceTree = "<group>";
		};
		BE1C06ED2B0D28EB005016B4 /* Protocol */ = {
			isa = PBXGroup;
			children = (
				BE1C070B2B0DC823005016B4 /* LocalDogRepository.swift */,
				BE1C06EE2B0D2AED005016B4 /* RemoteDogRepository.swift */,
			);
			path = Protocol;
			sourceTree = "<group>";
		};
		BE1C06F42B0D30AA005016B4 /* Resources */ = {
			isa = PBXGroup;
			children = (
				BE1C06F52B0D3104005016B4 /* MockResponses.xcassets */,
			);
			path = Resources;
			sourceTree = "<group>";
		};
		BE1C06F72B0D3BBC005016B4 /* Errors */ = {
			isa = PBXGroup;
			children = (
				BE1C06F82B0D3BD8005016B4 /* DogsError.swift */,
			);
			path = Errors;
			sourceTree = "<group>";
		};
		BE1C06FA2B0D4267005016B4 /* Repositories */ = {
			isa = PBXGroup;
			children = (
				BE1C06FB2B0D43FD005016B4 /* RemoteDogRepositoryImplTests.swift */,
				BE1C07142B0DDD05005016B4 /* LocalDogRepositoryImplTests.swift */,
			);
			path = Repositories;
			sourceTree = "<group>";
		};
		BE1C07002B0DA173005016B4 /* Protocol */ = {
			isa = PBXGroup;
			children = (
				BE1C07012B0DA1FD005016B4 /* LocalProvider.swift */,
			);
			path = Protocol;
			sourceTree = "<group>";
		};
		BE1C07052B0DAA1A005016B4 /* Data Persistence */ = {
			isa = PBXGroup;
			children = (
				BE1C07062B0DAA3A005016B4 /* CoreDataProviderImplTests.swift */,
			);
			path = "Data Persistence";
			sourceTree = "<group>";
		};
		BE1C070A2B0DAC85005016B4 /* Extensions */ = {
			isa = PBXGroup;
			children = (
				BE1C07082B0DAA63005016B4 /* NSPersistentContainer+Mock.swift */,
			);
			path = Extensions;
			sourceTree = "<group>";
		};
		BE1C07112B0DD55A005016B4 /* Entities */ = {
			isa = PBXGroup;
			children = (
				BE1C07122B0DD576005016B4 /* Dog+Model.swift */,
			);
			path = Entities;
			sourceTree = "<group>";
		};
		BE1C07192B0DED2F005016B4 /* UseCases */ = {
			isa = PBXGroup;
			children = (
				BE1C071A2B0DED55005016B4 /* Protocol */,
				BE1C071F2B0DEEBE005016B4 /* FetchDogsUseCaseImpl.swift */,
				BE1C07212B0DEECC005016B4 /* SaveDogsUseCaseImpl.swift */,
			);
			path = UseCases;
			sourceTree = "<group>";
		};
		BE1C071A2B0DED55005016B4 /* Protocol */ = {
			isa = PBXGroup;
			children = (
				BE1C071B2B0DEDC8005016B4 /* FetchDogsUseCase.swift */,
				BE1C071D2B0DEDDE005016B4 /* SaveDogsUseCase.swift */,
			);
			path = Protocol;
			sourceTree = "<group>";
		};
		BE1C07232B0E6C10005016B4 /* UseCases */ = {
			isa = PBXGroup;
			children = (
				BE1C07252B0E6C39005016B4 /* FetchDogsUseCaseImplTests.swift */,
				BE1C07272B0E6C50005016B4 /* SaveDogsUseCaseImplTests.swift */,
			);
			path = UseCases;
			sourceTree = "<group>";
		};
		BE5B49392B0BCA3700093ACB = {
			isa = PBXGroup;
			children = (
				BE5B49442B0BCA3700093ACB /* Dogs-IOS */,
				BE5B495B2B0BCA3800093ACB /* Dogs-IOSTests */,
				BE5B49652B0BCA3800093ACB /* Dogs-IOSUITests */,
				BE5B49432B0BCA3700093ACB /* Products */,
				76265997B7518A13B7547FD5 /* Generated Mocks */,
			);
			sourceTree = "<group>";
		};
		BE5B49432B0BCA3700093ACB /* Products */ = {
			isa = PBXGroup;
			children = (
				BE5B49422B0BCA3700093ACB /* Dogs-IOS.app */,
				BE5B49582B0BCA3800093ACB /* Dogs-IOSTests.xctest */,
				BE5B49622B0BCA3800093ACB /* Dogs-IOSUITests.xctest */,
			);
			name = Products;
			sourceTree = "<group>";
		};
		BE5B49442B0BCA3700093ACB /* Dogs-IOS */ = {
			isa = PBXGroup;
			children = (
				BE5B494E2B0BCA3800093ACB /* Assets.xcassets */,
				BE5B494C2B0BCA3700093ACB /* ContentView.swift */,
				BE5B49772B0BD7C400093ACB /* Data Persistence  */,
				BE5B49502B0BCA3800093ACB /* Dogs_IOS.entitlements */,
				BE5B49452B0BCA3700093ACB /* Dogs_IOSApp.swift */,
				BE5B49762B0BD7A900093ACB /* Model */,
				BE5B49792B0BD80000093ACB /* Networking */,
				BE5B49512B0BCA3800093ACB /* Preview Content */,
				BE1C07192B0DED2F005016B4 /* UseCases */,
				BE5B49752B0BD79500093ACB /* View */,
				BE5B498A2B0C0EF400093ACB /* ViewModel */,
			);
			path = "Dogs-IOS";
			sourceTree = "<group>";
		};
		BE5B49512B0BCA3800093ACB /* Preview Content */ = {
			isa = PBXGroup;
			children = (
				BE5B49522B0BCA3800093ACB /* Preview Assets.xcassets */,
			);
			path = "Preview Content";
			sourceTree = "<group>";
		};
		BE5B495B2B0BCA3800093ACB /* Dogs-IOSTests */ = {
			isa = PBXGroup;
			children = (
				BE1C07232B0E6C10005016B4 /* UseCases */,
				BE1C07052B0DAA1A005016B4 /* Data Persistence */,
				BE1C06F42B0D30AA005016B4 /* Resources */,
				BE5B49962B0C2D2700093ACB /* Mocks */,
				BE5B49902B0C189B00093ACB /* Networking */,
				BE5B49862B0BF89D00093ACB /* Model */,
			);
			path = "Dogs-IOSTests";
			sourceTree = "<group>";
		};
		BE5B49652B0BCA3800093ACB /* Dogs-IOSUITests */ = {
			isa = PBXGroup;
			children = (
				BE5B49662B0BCA3800093ACB /* Dogs_IOSUITests.swift */,
				BE5B49682B0BCA3800093ACB /* Dogs_IOSUITestsLaunchTests.swift */,
			);
			path = "Dogs-IOSUITests";
			sourceTree = "<group>";
		};
		BE5B49752B0BD79500093ACB /* View */ = {
			isa = PBXGroup;
			children = (
			);
			path = View;
			sourceTree = "<group>";
		};
		BE5B49762B0BD7A900093ACB /* Model */ = {
			isa = PBXGroup;
			children = (
				BE1C06F72B0D3BBC005016B4 /* Errors */,
				BE1C06EC2B0D28E2005016B4 /* Repositories */,
				BE5B49822B0BF58000093ACB /* Models */,
			);
			path = Model;
			sourceTree = "<group>";
		};
		BE5B49772B0BD7C400093ACB /* Data Persistence  */ = {
			isa = PBXGroup;
			children = (
				BE1C07032B0DA25E005016B4 /* CoreDataProviderImpl.swift */,
				BE5B49492B0BCA3700093ACB /* Dogs_IOS.xcdatamodeld */,
				BE1C07112B0DD55A005016B4 /* Entities */,
				BE5B49472B0BCA3700093ACB /* Persistence.swift */,
				BE1C07002B0DA173005016B4 /* Protocol */,
			);
			path = "Data Persistence ";
			sourceTree = "<group>";
		};
		BE5B49792B0BD80000093ACB /* Networking */ = {
			isa = PBXGroup;
			children = (
				BE5B498D2B0C172800093ACB /* Protocol */,
				BE5B498B2B0C139D00093ACB /* NetworkProviderImpl.swift */,
			);
			path = Networking;
			sourceTree = "<group>";
		};
		BE5B49822B0BF58000093ACB /* Models */ = {
			isa = PBXGroup;
			children = (
				BE5B49842B0BF60D00093ACB /* DogModel.swift */,
				BE1C06F22B0D2FEA005016B4 /* DogModel+Decodable.swift */,
				BE1C070F2B0DCC3C005016B4 /* DogModel+NSManagedObject.swift */,
			);
			path = Models;
			sourceTree = "<group>";
		};
		BE5B49862B0BF89D00093ACB /* Model */ = {
			isa = PBXGroup;
			children = (
				BE1C06FA2B0D4267005016B4 /* Repositories */,
				BE5B49872B0BF8AB00093ACB /* Models */,
			);
			path = Model;
			sourceTree = "<group>";
		};
		BE5B49872B0BF8AB00093ACB /* Models */ = {
			isa = PBXGroup;
			children = (
				BE5B49882B0BF90E00093ACB /* DogModelTests.swift */,
			);
			path = Models;
			sourceTree = "<group>";
		};
		BE5B498A2B0C0EF400093ACB /* ViewModel */ = {
			isa = PBXGroup;
			children = (
			);
			path = ViewModel;
			sourceTree = "<group>";
		};
		BE5B498D2B0C172800093ACB /* Protocol */ = {
			isa = PBXGroup;
			children = (
				BE5B498E2B0C174200093ACB /* NetworkProvider.swift */,
			);
			path = Protocol;
			sourceTree = "<group>";
		};
		BE5B49902B0C189B00093ACB /* Networking */ = {
			isa = PBXGroup;
			children = (
				BE5B49942B0C2A4800093ACB /* NetworkProviderImplTests.swift */,
			);
			path = Networking;
			sourceTree = "<group>";
		};
		BE5B49962B0C2D2700093ACB /* Mocks */ = {
			isa = PBXGroup;
			children = (
				BE1C070A2B0DAC85005016B4 /* Extensions */,
				BE5B49A72B0C61CE00093ACB /* URLProtocolMock.swift */,
			);
			path = Mocks;
			sourceTree = "<group>";
		};
/* End PBXGroup section */

/* Begin PBXNativeTarget section */
		BE5B49412B0BCA3700093ACB /* Dogs-IOS */ = {
			isa = PBXNativeTarget;
			buildConfigurationList = BE5B496C2B0BCA3800093ACB /* Build configuration list for PBXNativeTarget "Dogs-IOS" */;
			buildPhases = (
				BE5B493E2B0BCA3700093ACB /* Sources */,
				BE5B493F2B0BCA3700093ACB /* Frameworks */,
				BE5B49402B0BCA3700093ACB /* Resources */,
			);
			buildRules = (
			);
			dependencies = (
			);
			name = "Dogs-IOS";
			productName = "Dogs-IOS";
			productReference = BE5B49422B0BCA3700093ACB /* Dogs-IOS.app */;
			productType = "com.apple.product-type.application";
		};
		BE5B49572B0BCA3800093ACB /* Dogs-IOSTests */ = {
			isa = PBXNativeTarget;
			buildConfigurationList = BE5B496F2B0BCA3800093ACB /* Build configuration list for PBXNativeTarget "Dogs-IOSTests" */;
			buildPhases = (
				83738C19B8248B9F396471DC /* Generate Mockingbird Mocks */,
				BE5B49542B0BCA3800093ACB /* Sources */,
				BE5B49552B0BCA3800093ACB /* Frameworks */,
				BE5B49562B0BCA3800093ACB /* Resources */,
			);
			buildRules = (
			);
			dependencies = (
				BE5B495A2B0BCA3800093ACB /* PBXTargetDependency */,
			);
			name = "Dogs-IOSTests";
			packageProductDependencies = (
				BE5B49922B0C228E00093ACB /* Mockingbird */,
			);
			productName = "Dogs-IOSTests";
			productReference = BE5B49582B0BCA3800093ACB /* Dogs-IOSTests.xctest */;
			productType = "com.apple.product-type.bundle.unit-test";
		};
		BE5B49612B0BCA3800093ACB /* Dogs-IOSUITests */ = {
			isa = PBXNativeTarget;
			buildConfigurationList = BE5B49722B0BCA3800093ACB /* Build configuration list for PBXNativeTarget "Dogs-IOSUITests" */;
			buildPhases = (
				BE5B495E2B0BCA3800093ACB /* Sources */,
				BE5B495F2B0BCA3800093ACB /* Frameworks */,
				BE5B49602B0BCA3800093ACB /* Resources */,
			);
			buildRules = (
			);
			dependencies = (
				BE5B49642B0BCA3800093ACB /* PBXTargetDependency */,
			);
			name = "Dogs-IOSUITests";
			productName = "Dogs-IOSUITests";
			productReference = BE5B49622B0BCA3800093ACB /* Dogs-IOSUITests.xctest */;
			productType = "com.apple.product-type.bundle.ui-testing";
		};
/* End PBXNativeTarget section */

/* Begin PBXProject section */
		BE5B493A2B0BCA3700093ACB /* Project object */ = {
			isa = PBXProject;
			attributes = {
				BuildIndependentTargetsInParallel = 1;
				LastSwiftUpdateCheck = 1500;
				LastUpgradeCheck = 1500;
				TargetAttributes = {
					BE5B49412B0BCA3700093ACB = {
						CreatedOnToolsVersion = 15.0.1;
					};
					BE5B49572B0BCA3800093ACB = {
						CreatedOnToolsVersion = 15.0.1;
						TestTargetID = BE5B49412B0BCA3700093ACB;
					};
					BE5B49612B0BCA3800093ACB = {
						CreatedOnToolsVersion = 15.0.1;
						TestTargetID = BE5B49412B0BCA3700093ACB;
					};
				};
			};
			buildConfigurationList = BE5B493D2B0BCA3700093ACB /* Build configuration list for PBXProject "Dogs-IOS" */;
			compatibilityVersion = "Xcode 14.0";
			developmentRegion = en;
			hasScannedForEncodings = 0;
			knownRegions = (
				en,
				Base,
			);
			mainGroup = BE5B49392B0BCA3700093ACB;
			packageReferences = (
				BE5B49912B0C228E00093ACB /* XCRemoteSwiftPackageReference "mockingbird" */,
			);
			productRefGroup = BE5B49432B0BCA3700093ACB /* Products */;
			projectDirPath = "";
			projectRoot = "";
			targets = (
				BE5B49412B0BCA3700093ACB /* Dogs-IOS */,
				BE5B49572B0BCA3800093ACB /* Dogs-IOSTests */,
				BE5B49612B0BCA3800093ACB /* Dogs-IOSUITests */,
			);
		};
/* End PBXProject section */

/* Begin PBXResourcesBuildPhase section */
		BE5B49402B0BCA3700093ACB /* Resources */ = {
			isa = PBXResourcesBuildPhase;
			buildActionMask = 2147483647;
			files = (
				BE5B49532B0BCA3800093ACB /* Preview Assets.xcassets in Resources */,
				BE1C06FD2B0D6331005016B4 /* MockResponses.xcassets in Resources */,
				BE5B494F2B0BCA3800093ACB /* Assets.xcassets in Resources */,
			);
			runOnlyForDeploymentPostprocessing = 0;
		};
		BE5B49562B0BCA3800093ACB /* Resources */ = {
			isa = PBXResourcesBuildPhase;
			buildActionMask = 2147483647;
			files = (
				BE1C06F62B0D3104005016B4 /* MockResponses.xcassets in Resources */,
			);
			runOnlyForDeploymentPostprocessing = 0;
		};
		BE5B49602B0BCA3800093ACB /* Resources */ = {
			isa = PBXResourcesBuildPhase;
			buildActionMask = 2147483647;
			files = (
			);
			runOnlyForDeploymentPostprocessing = 0;
		};
/* End PBXResourcesBuildPhase section */

/* Begin PBXShellScriptBuildPhase section */
		83738C19B8248B9F396471DC /* Generate Mockingbird Mocks */ = {
			isa = PBXShellScriptBuildPhase;
			alwaysOutOfDate = 1;
			buildActionMask = 2147483647;
			files = (
			);
			inputPaths = (
			);
			name = "Generate Mockingbird Mocks";
			outputPaths = (
				"$(SRCROOT)/MockingbirdMocks/Dogs_IOSTests-Dogs_IOSMocks.generated.swift",
			);
			runOnlyForDeploymentPostprocessing = 0;
			shellPath = /bin/sh;
			shellScript = "set -eu\n\n# Prevent Xcode 13 from running this script while indexing.\n[[ \"${ACTION}\" == \"indexbuild\" ]] && exit 0\n\n# Infer the derived data location from the build environment.\n[[ -z \"${DERIVED_DATA+x}\" ]] && DERIVED_DATA=\"$(echo \"${BUILD_ROOT}\" | sed -n 's|\\(.*\\)/Build/.*|\\1|p')\"\n\n\"${DERIVED_DATA}/SourcePackages/checkouts/mockingbird/mockingbird\" generate --targets \"Dogs-IOS\" --only-protocols --disable-swiftlint --outputs \"${SRCROOT}/MockingbirdMocks/Dogs_IOSTests-Dogs_IOSMocks.generated.swift\"";
		};
/* End PBXShellScriptBuildPhase section */

/* Begin PBXSourcesBuildPhase section */
		BE5B493E2B0BCA3700093ACB /* Sources */ = {
			isa = PBXSourcesBuildPhase;
			buildActionMask = 2147483647;
			files = (
				BE5B49462B0BCA3700093ACB /* Dogs_IOSApp.swift in Sources */,
				BE5B49852B0BF60D00093ACB /* DogModel.swift in Sources */,
				BE1C06F32B0D2FEA005016B4 /* DogModel+Decodable.swift in Sources */,
				BE1C07042B0DA25E005016B4 /* CoreDataProviderImpl.swift in Sources */,
				BE1C07102B0DCC3C005016B4 /* DogModel+NSManagedObject.swift in Sources */,
				BE1C06EF2B0D2AED005016B4 /* RemoteDogRepository.swift in Sources */,
				BE1C070E2B0DC837005016B4 /* LocalDogRepositoryImpl.swift in Sources */,
				BE1C06F12B0D2C0C005016B4 /* RemoteDogRepositoryImpl.swift in Sources */,
				BE5B498F2B0C174200093ACB /* NetworkProvider.swift in Sources */,
				BE1C071E2B0DEDDE005016B4 /* SaveDogsUseCase.swift in Sources */,
				BE5B498C2B0C139D00093ACB /* NetworkProviderImpl.swift in Sources */,
				BE5B49482B0BCA3700093ACB /* Persistence.swift in Sources */,
				BE5B494D2B0BCA3700093ACB /* ContentView.swift in Sources */,
				BE1C070C2B0DC824005016B4 /* LocalDogRepository.swift in Sources */,
				BE1C071C2B0DEDC8005016B4 /* FetchDogsUseCase.swift in Sources */,
				BE1C07202B0DEEBE005016B4 /* FetchDogsUseCaseImpl.swift in Sources */,
				BE5B494B2B0BCA3700093ACB /* Dogs_IOS.xcdatamodeld in Sources */,
				BE1C07222B0DEECC005016B4 /* SaveDogsUseCaseImpl.swift in Sources */,
				BE1C07132B0DD576005016B4 /* Dog+Model.swift in Sources */,
				BE1C06F92B0D3BD8005016B4 /* DogsError.swift in Sources */,
				BE1C07022B0DA1FD005016B4 /* LocalProvider.swift in Sources */,
			);
			runOnlyForDeploymentPostprocessing = 0;
		};
		BE5B49542B0BCA3800093ACB /* Sources */ = {
			isa = PBXSourcesBuildPhase;
			buildActionMask = 2147483647;
			files = (
				BE5B49892B0BF90E00093ACB /* DogModelTests.swift in Sources */,
				BE1C07072B0DAA3A005016B4 /* CoreDataProviderImplTests.swift in Sources */,
				BE1C07152B0DDD05005016B4 /* LocalDogRepositoryImplTests.swift in Sources */,
				BE5B49952B0C2A4800093ACB /* NetworkProviderImplTests.swift in Sources */,
				BE5B49A82B0C61CE00093ACB /* URLProtocolMock.swift in Sources */,
				BE1C07282B0E6C50005016B4 /* SaveDogsUseCaseImplTests.swift in Sources */,
				BE1C07092B0DAA63005016B4 /* NSPersistentContainer+Mock.swift in Sources */,
				BE1C06FC2B0D43FD005016B4 /* RemoteDogRepositoryImplTests.swift in Sources */,
				BE1C07262B0E6C39005016B4 /* FetchDogsUseCaseImplTests.swift in Sources */,
				AE545436257B7047D7180D7A /* Dogs_IOSTests-Dogs_IOSMocks.generated.swift in Sources */,
			);
			runOnlyForDeploymentPostprocessing = 0;
		};
		BE5B495E2B0BCA3800093ACB /* Sources */ = {
			isa = PBXSourcesBuildPhase;
			buildActionMask = 2147483647;
			files = (
				BE5B49692B0BCA3800093ACB /* Dogs_IOSUITestsLaunchTests.swift in Sources */,
				BE5B49672B0BCA3800093ACB /* Dogs_IOSUITests.swift in Sources */,
			);
			runOnlyForDeploymentPostprocessing = 0;
		};
/* End PBXSourcesBuildPhase section */

/* Begin PBXTargetDependency section */
		BE5B495A2B0BCA3800093ACB /* PBXTargetDependency */ = {
			isa = PBXTargetDependency;
			target = BE5B49412B0BCA3700093ACB /* Dogs-IOS */;
			targetProxy = BE5B49592B0BCA3800093ACB /* PBXContainerItemProxy */;
		};
		BE5B49642B0BCA3800093ACB /* PBXTargetDependency */ = {
			isa = PBXTargetDependency;
			target = BE5B49412B0BCA3700093ACB /* Dogs-IOS */;
			targetProxy = BE5B49632B0BCA3800093ACB /* PBXContainerItemProxy */;
		};
/* End PBXTargetDependency section */

/* Begin XCBuildConfiguration section */
		BE5B496A2B0BCA3800093ACB /* Debug */ = {
			isa = XCBuildConfiguration;
			buildSettings = {
				ALWAYS_SEARCH_USER_PATHS = NO;
				ASSETCATALOG_COMPILER_GENERATE_SWIFT_ASSET_SYMBOL_EXTENSIONS = YES;
				CLANG_ANALYZER_NONNULL = YES;
				CLANG_ANALYZER_NUMBER_OBJECT_CONVERSION = YES_AGGRESSIVE;
				CLANG_CXX_LANGUAGE_STANDARD = "gnu++20";
				CLANG_ENABLE_MODULES = YES;
				CLANG_ENABLE_OBJC_ARC = YES;
				CLANG_ENABLE_OBJC_WEAK = YES;
				CLANG_WARN_BLOCK_CAPTURE_AUTORELEASING = YES;
				CLANG_WARN_BOOL_CONVERSION = YES;
				CLANG_WARN_COMMA = YES;
				CLANG_WARN_CONSTANT_CONVERSION = YES;
				CLANG_WARN_DEPRECATED_OBJC_IMPLEMENTATIONS = YES;
				CLANG_WARN_DIRECT_OBJC_ISA_USAGE = YES_ERROR;
				CLANG_WARN_DOCUMENTATION_COMMENTS = YES;
				CLANG_WARN_EMPTY_BODY = YES;
				CLANG_WARN_ENUM_CONVERSION = YES;
				CLANG_WARN_INFINITE_RECURSION = YES;
				CLANG_WARN_INT_CONVERSION = YES;
				CLANG_WARN_NON_LITERAL_NULL_CONVERSION = YES;
				CLANG_WARN_OBJC_IMPLICIT_RETAIN_SELF = YES;
				CLANG_WARN_OBJC_LITERAL_CONVERSION = YES;
				CLANG_WARN_OBJC_ROOT_CLASS = YES_ERROR;
				CLANG_WARN_QUOTED_INCLUDE_IN_FRAMEWORK_HEADER = YES;
				CLANG_WARN_RANGE_LOOP_ANALYSIS = YES;
				CLANG_WARN_STRICT_PROTOTYPES = YES;
				CLANG_WARN_SUSPICIOUS_MOVE = YES;
				CLANG_WARN_UNGUARDED_AVAILABILITY = YES_AGGRESSIVE;
				CLANG_WARN_UNREACHABLE_CODE = YES;
				CLANG_WARN__DUPLICATE_METHOD_MATCH = YES;
				COPY_PHASE_STRIP = NO;
				DEBUG_INFORMATION_FORMAT = dwarf;
				ENABLE_STRICT_OBJC_MSGSEND = YES;
				ENABLE_TESTABILITY = YES;
				ENABLE_USER_SCRIPT_SANDBOXING = YES;
				GCC_C_LANGUAGE_STANDARD = gnu17;
				GCC_DYNAMIC_NO_PIC = NO;
				GCC_NO_COMMON_BLOCKS = YES;
				GCC_OPTIMIZATION_LEVEL = 0;
				GCC_PREPROCESSOR_DEFINITIONS = (
					"DEBUG=1",
					"$(inherited)",
				);
				GCC_WARN_64_TO_32_BIT_CONVERSION = YES;
				GCC_WARN_ABOUT_RETURN_TYPE = YES_ERROR;
				GCC_WARN_UNDECLARED_SELECTOR = YES;
				GCC_WARN_UNINITIALIZED_AUTOS = YES_AGGRESSIVE;
				GCC_WARN_UNUSED_FUNCTION = YES;
				GCC_WARN_UNUSED_VARIABLE = YES;
				LOCALIZATION_PREFERS_STRING_CATALOGS = YES;
				MTL_ENABLE_DEBUG_INFO = INCLUDE_SOURCE;
				MTL_FAST_MATH = YES;
				ONLY_ACTIVE_ARCH = YES;
				SWIFT_ACTIVE_COMPILATION_CONDITIONS = "DEBUG $(inherited)";
				SWIFT_OPTIMIZATION_LEVEL = "-Onone";
			};
			name = Debug;
		};
		BE5B496B2B0BCA3800093ACB /* Release */ = {
			isa = XCBuildConfiguration;
			buildSettings = {
				ALWAYS_SEARCH_USER_PATHS = NO;
				ASSETCATALOG_COMPILER_GENERATE_SWIFT_ASSET_SYMBOL_EXTENSIONS = YES;
				CLANG_ANALYZER_NONNULL = YES;
				CLANG_ANALYZER_NUMBER_OBJECT_CONVERSION = YES_AGGRESSIVE;
				CLANG_CXX_LANGUAGE_STANDARD = "gnu++20";
				CLANG_ENABLE_MODULES = YES;
				CLANG_ENABLE_OBJC_ARC = YES;
				CLANG_ENABLE_OBJC_WEAK = YES;
				CLANG_WARN_BLOCK_CAPTURE_AUTORELEASING = YES;
				CLANG_WARN_BOOL_CONVERSION = YES;
				CLANG_WARN_COMMA = YES;
				CLANG_WARN_CONSTANT_CONVERSION = YES;
				CLANG_WARN_DEPRECATED_OBJC_IMPLEMENTATIONS = YES;
				CLANG_WARN_DIRECT_OBJC_ISA_USAGE = YES_ERROR;
				CLANG_WARN_DOCUMENTATION_COMMENTS = YES;
				CLANG_WARN_EMPTY_BODY = YES;
				CLANG_WARN_ENUM_CONVERSION = YES;
				CLANG_WARN_INFINITE_RECURSION = YES;
				CLANG_WARN_INT_CONVERSION = YES;
				CLANG_WARN_NON_LITERAL_NULL_CONVERSION = YES;
				CLANG_WARN_OBJC_IMPLICIT_RETAIN_SELF = YES;
				CLANG_WARN_OBJC_LITERAL_CONVERSION = YES;
				CLANG_WARN_OBJC_ROOT_CLASS = YES_ERROR;
				CLANG_WARN_QUOTED_INCLUDE_IN_FRAMEWORK_HEADER = YES;
				CLANG_WARN_RANGE_LOOP_ANALYSIS = YES;
				CLANG_WARN_STRICT_PROTOTYPES = YES;
				CLANG_WARN_SUSPICIOUS_MOVE = YES;
				CLANG_WARN_UNGUARDED_AVAILABILITY = YES_AGGRESSIVE;
				CLANG_WARN_UNREACHABLE_CODE = YES;
				CLANG_WARN__DUPLICATE_METHOD_MATCH = YES;
				COPY_PHASE_STRIP = NO;
				DEBUG_INFORMATION_FORMAT = "dwarf-with-dsym";
				ENABLE_NS_ASSERTIONS = NO;
				ENABLE_STRICT_OBJC_MSGSEND = YES;
				ENABLE_USER_SCRIPT_SANDBOXING = YES;
				GCC_C_LANGUAGE_STANDARD = gnu17;
				GCC_NO_COMMON_BLOCKS = YES;
				GCC_WARN_64_TO_32_BIT_CONVERSION = YES;
				GCC_WARN_ABOUT_RETURN_TYPE = YES_ERROR;
				GCC_WARN_UNDECLARED_SELECTOR = YES;
				GCC_WARN_UNINITIALIZED_AUTOS = YES_AGGRESSIVE;
				GCC_WARN_UNUSED_FUNCTION = YES;
				GCC_WARN_UNUSED_VARIABLE = YES;
				LOCALIZATION_PREFERS_STRING_CATALOGS = YES;
				MTL_ENABLE_DEBUG_INFO = NO;
				MTL_FAST_MATH = YES;
				SWIFT_COMPILATION_MODE = wholemodule;
			};
			name = Release;
		};
		BE5B496D2B0BCA3800093ACB /* Debug */ = {
			isa = XCBuildConfiguration;
			buildSettings = {
				ASSETCATALOG_COMPILER_APPICON_NAME = AppIcon;
				ASSETCATALOG_COMPILER_GLOBAL_ACCENT_COLOR_NAME = AccentColor;
				CODE_SIGN_ENTITLEMENTS = "Dogs-IOS/Dogs_IOS.entitlements";
				CODE_SIGN_STYLE = Automatic;
				CURRENT_PROJECT_VERSION = 1;
				DEVELOPMENT_ASSET_PATHS = "\"Dogs-IOS/Preview Content\"";
				ENABLE_APP_SANDBOX = NO;
				ENABLE_PREVIEWS = YES;
				ENABLE_USER_SCRIPT_SANDBOXING = YES;
				GENERATE_INFOPLIST_FILE = YES;
				"INFOPLIST_KEY_UIApplicationSceneManifest_Generation[sdk=iphoneos*]" = YES;
				"INFOPLIST_KEY_UIApplicationSceneManifest_Generation[sdk=iphonesimulator*]" = YES;
				"INFOPLIST_KEY_UIApplicationSupportsIndirectInputEvents[sdk=iphoneos*]" = YES;
				"INFOPLIST_KEY_UIApplicationSupportsIndirectInputEvents[sdk=iphonesimulator*]" = YES;
				"INFOPLIST_KEY_UILaunchScreen_Generation[sdk=iphoneos*]" = YES;
				"INFOPLIST_KEY_UILaunchScreen_Generation[sdk=iphonesimulator*]" = YES;
				"INFOPLIST_KEY_UIStatusBarStyle[sdk=iphoneos*]" = UIStatusBarStyleDefault;
				"INFOPLIST_KEY_UIStatusBarStyle[sdk=iphonesimulator*]" = UIStatusBarStyleDefault;
				INFOPLIST_KEY_UISupportedInterfaceOrientations_iPad = "UIInterfaceOrientationPortrait UIInterfaceOrientationPortraitUpsideDown UIInterfaceOrientationLandscapeLeft UIInterfaceOrientationLandscapeRight";
				INFOPLIST_KEY_UISupportedInterfaceOrientations_iPhone = "UIInterfaceOrientationPortrait UIInterfaceOrientationLandscapeLeft UIInterfaceOrientationLandscapeRight";
				IPHONEOS_DEPLOYMENT_TARGET = 15.0;
				LD_RUNPATH_SEARCH_PATHS = "@executable_path/Frameworks";
				"LD_RUNPATH_SEARCH_PATHS[sdk=macosx*]" = "@executable_path/../Frameworks";
				MACOSX_DEPLOYMENT_TARGET = 14.0;
				MARKETING_VERSION = 1.0;
				PRODUCT_BUNDLE_IDENTIFIER = "test.konfio.carlos.molina.com.Dogs-IOS";
				PRODUCT_NAME = "$(TARGET_NAME)";
				SDKROOT = auto;
				SUPPORTED_PLATFORMS = "iphoneos iphonesimulator";
				SUPPORTS_MACCATALYST = NO;
				SWIFT_EMIT_LOC_STRINGS = YES;
				SWIFT_VERSION = 5.0;
				TARGETED_DEVICE_FAMILY = "1,2";
			};
			name = Debug;
		};
		BE5B496E2B0BCA3800093ACB /* Release */ = {
			isa = XCBuildConfiguration;
			buildSettings = {
				ASSETCATALOG_COMPILER_APPICON_NAME = AppIcon;
				ASSETCATALOG_COMPILER_GLOBAL_ACCENT_COLOR_NAME = AccentColor;
				CODE_SIGN_ENTITLEMENTS = "Dogs-IOS/Dogs_IOS.entitlements";
				CODE_SIGN_STYLE = Automatic;
				CURRENT_PROJECT_VERSION = 1;
				DEVELOPMENT_ASSET_PATHS = "\"Dogs-IOS/Preview Content\"";
				ENABLE_APP_SANDBOX = NO;
				ENABLE_PREVIEWS = YES;
				ENABLE_USER_SCRIPT_SANDBOXING = YES;
				GENERATE_INFOPLIST_FILE = YES;
				"INFOPLIST_KEY_UIApplicationSceneManifest_Generation[sdk=iphoneos*]" = YES;
				"INFOPLIST_KEY_UIApplicationSceneManifest_Generation[sdk=iphonesimulator*]" = YES;
				"INFOPLIST_KEY_UIApplicationSupportsIndirectInputEvents[sdk=iphoneos*]" = YES;
				"INFOPLIST_KEY_UIApplicationSupportsIndirectInputEvents[sdk=iphonesimulator*]" = YES;
				"INFOPLIST_KEY_UILaunchScreen_Generation[sdk=iphoneos*]" = YES;
				"INFOPLIST_KEY_UILaunchScreen_Generation[sdk=iphonesimulator*]" = YES;
				"INFOPLIST_KEY_UIStatusBarStyle[sdk=iphoneos*]" = UIStatusBarStyleDefault;
				"INFOPLIST_KEY_UIStatusBarStyle[sdk=iphonesimulator*]" = UIStatusBarStyleDefault;
				INFOPLIST_KEY_UISupportedInterfaceOrientations_iPad = "UIInterfaceOrientationPortrait UIInterfaceOrientationPortraitUpsideDown UIInterfaceOrientationLandscapeLeft UIInterfaceOrientationLandscapeRight";
				INFOPLIST_KEY_UISupportedInterfaceOrientations_iPhone = "UIInterfaceOrientationPortrait UIInterfaceOrientationLandscapeLeft UIInterfaceOrientationLandscapeRight";
				IPHONEOS_DEPLOYMENT_TARGET = 15.0;
				LD_RUNPATH_SEARCH_PATHS = "@executable_path/Frameworks";
				"LD_RUNPATH_SEARCH_PATHS[sdk=macosx*]" = "@executable_path/../Frameworks";
				MACOSX_DEPLOYMENT_TARGET = 14.0;
				MARKETING_VERSION = 1.0;
				PRODUCT_BUNDLE_IDENTIFIER = "test.konfio.carlos.molina.com.Dogs-IOS";
				PRODUCT_NAME = "$(TARGET_NAME)";
				SDKROOT = auto;
				SUPPORTED_PLATFORMS = "iphoneos iphonesimulator";
				SUPPORTS_MACCATALYST = NO;
				SWIFT_EMIT_LOC_STRINGS = YES;
				SWIFT_VERSION = 5.0;
				TARGETED_DEVICE_FAMILY = "1,2";
			};
			name = Release;
		};
		BE5B49702B0BCA3800093ACB /* Debug */ = {
			isa = XCBuildConfiguration;
			buildSettings = {
				ALWAYS_EMBED_SWIFT_STANDARD_LIBRARIES = YES;
				BUNDLE_LOADER = "$(TEST_HOST)";
				CODE_SIGN_STYLE = Automatic;
				CURRENT_PROJECT_VERSION = 1;
				ENABLE_USER_SCRIPT_SANDBOXING = NO;
				GENERATE_INFOPLIST_FILE = YES;
				IPHONEOS_DEPLOYMENT_TARGET = 15.0;
				MACOSX_DEPLOYMENT_TARGET = 14.0;
				MARKETING_VERSION = 1.0;
				PRODUCT_BUNDLE_IDENTIFIER = "test.konfio.carlos.molina.com.Dogs-IOSTests";
				PRODUCT_NAME = "$(TARGET_NAME)";
				SDKROOT = auto;
				SUPPORTED_PLATFORMS = "iphoneos iphonesimulator";
				SUPPORTS_MACCATALYST = NO;
				SWIFT_EMIT_LOC_STRINGS = NO;
				SWIFT_VERSION = 5.0;
				TARGETED_DEVICE_FAMILY = "1,2";
				TEST_HOST = "$(BUILT_PRODUCTS_DIR)/Dogs-IOS.app/$(BUNDLE_EXECUTABLE_FOLDER_PATH)/Dogs-IOS";
			};
			name = Debug;
		};
		BE5B49712B0BCA3800093ACB /* Release */ = {
			isa = XCBuildConfiguration;
			buildSettings = {
				ALWAYS_EMBED_SWIFT_STANDARD_LIBRARIES = YES;
				BUNDLE_LOADER = "$(TEST_HOST)";
				CODE_SIGN_STYLE = Automatic;
				CURRENT_PROJECT_VERSION = 1;
				ENABLE_USER_SCRIPT_SANDBOXING = NO;
				GENERATE_INFOPLIST_FILE = YES;
				IPHONEOS_DEPLOYMENT_TARGET = 15.0;
				MACOSX_DEPLOYMENT_TARGET = 14.0;
				MARKETING_VERSION = 1.0;
				PRODUCT_BUNDLE_IDENTIFIER = "test.konfio.carlos.molina.com.Dogs-IOSTests";
				PRODUCT_NAME = "$(TARGET_NAME)";
				SDKROOT = auto;
				SUPPORTED_PLATFORMS = "iphoneos iphonesimulator";
				SUPPORTS_MACCATALYST = NO;
				SWIFT_EMIT_LOC_STRINGS = NO;
				SWIFT_VERSION = 5.0;
				TARGETED_DEVICE_FAMILY = "1,2";
				TEST_HOST = "$(BUILT_PRODUCTS_DIR)/Dogs-IOS.app/$(BUNDLE_EXECUTABLE_FOLDER_PATH)/Dogs-IOS";
			};
			name = Release;
		};
		BE5B49732B0BCA3800093ACB /* Debug */ = {
			isa = XCBuildConfiguration;
			buildSettings = {
				ALWAYS_EMBED_SWIFT_STANDARD_LIBRARIES = YES;
				CODE_SIGN_STYLE = Automatic;
				CURRENT_PROJECT_VERSION = 1;
				GENERATE_INFOPLIST_FILE = YES;
				IPHONEOS_DEPLOYMENT_TARGET = 15.0;
				MACOSX_DEPLOYMENT_TARGET = 14.0;
				MARKETING_VERSION = 1.0;
				PRODUCT_BUNDLE_IDENTIFIER = "test.konfio.carlos.molina.com.Dogs-IOSUITests";
				PRODUCT_NAME = "$(TARGET_NAME)";
				SDKROOT = auto;
				SUPPORTED_PLATFORMS = "iphoneos iphonesimulator";
				SUPPORTS_MACCATALYST = NO;
				SWIFT_EMIT_LOC_STRINGS = NO;
				SWIFT_VERSION = 5.0;
				TARGETED_DEVICE_FAMILY = "1,2";
				TEST_TARGET_NAME = "Dogs-IOS";
			};
			name = Debug;
		};
		BE5B49742B0BCA3800093ACB /* Release */ = {
			isa = XCBuildConfiguration;
			buildSettings = {
				ALWAYS_EMBED_SWIFT_STANDARD_LIBRARIES = YES;
				CODE_SIGN_STYLE = Automatic;
				CURRENT_PROJECT_VERSION = 1;
				GENERATE_INFOPLIST_FILE = YES;
				IPHONEOS_DEPLOYMENT_TARGET = 15.0;
				MACOSX_DEPLOYMENT_TARGET = 14.0;
				MARKETING_VERSION = 1.0;
				PRODUCT_BUNDLE_IDENTIFIER = "test.konfio.carlos.molina.com.Dogs-IOSUITests";
				PRODUCT_NAME = "$(TARGET_NAME)";
				SDKROOT = auto;
				SUPPORTED_PLATFORMS = "iphoneos iphonesimulator";
				SUPPORTS_MACCATALYST = NO;
				SWIFT_EMIT_LOC_STRINGS = NO;
				SWIFT_VERSION = 5.0;
				TARGETED_DEVICE_FAMILY = "1,2";
				TEST_TARGET_NAME = "Dogs-IOS";
			};
			name = Release;
		};
/* End XCBuildConfiguration section */

/* Begin XCConfigurationList section */
		BE5B493D2B0BCA3700093ACB /* Build configuration list for PBXProject "Dogs-IOS" */ = {
			isa = XCConfigurationList;
			buildConfigurations = (
				BE5B496A2B0BCA3800093ACB /* Debug */,
				BE5B496B2B0BCA3800093ACB /* Release */,
			);
			defaultConfigurationIsVisible = 0;
			defaultConfigurationName = Release;
		};
		BE5B496C2B0BCA3800093ACB /* Build configuration list for PBXNativeTarget "Dogs-IOS" */ = {
			isa = XCConfigurationList;
			buildConfigurations = (
				BE5B496D2B0BCA3800093ACB /* Debug */,
				BE5B496E2B0BCA3800093ACB /* Release */,
			);
			defaultConfigurationIsVisible = 0;
			defaultConfigurationName = Release;
		};
		BE5B496F2B0BCA3800093ACB /* Build configuration list for PBXNativeTarget "Dogs-IOSTests" */ = {
			isa = XCConfigurationList;
			buildConfigurations = (
				BE5B49702B0BCA3800093ACB /* Debug */,
				BE5B49712B0BCA3800093ACB /* Release */,
			);
			defaultConfigurationIsVisible = 0;
			defaultConfigurationName = Release;
		};
		BE5B49722B0BCA3800093ACB /* Build configuration list for PBXNativeTarget "Dogs-IOSUITests" */ = {
			isa = XCConfigurationList;
			buildConfigurations = (
				BE5B49732B0BCA3800093ACB /* Debug */,
				BE5B49742B0BCA3800093ACB /* Release */,
			);
			defaultConfigurationIsVisible = 0;
			defaultConfigurationName = Release;
		};
/* End XCConfigurationList section */

/* Begin XCRemoteSwiftPackageReference section */
		BE5B49912B0C228E00093ACB /* XCRemoteSwiftPackageReference "mockingbird" */ = {
			isa = XCRemoteSwiftPackageReference;
			repositoryURL = "https://github.com/birdrides/mockingbird.git";
			requirement = {
				kind = upToNextMajorVersion;
				minimumVersion = 0.20.0;
			};
		};
/* End XCRemoteSwiftPackageReference section */

/* Begin XCSwiftPackageProductDependency section */
		BE5B49922B0C228E00093ACB /* Mockingbird */ = {
			isa = XCSwiftPackageProductDependency;
			package = BE5B49912B0C228E00093ACB /* XCRemoteSwiftPackageReference "mockingbird" */;
			productName = Mockingbird;
		};
/* End XCSwiftPackageProductDependency section */

/* Begin XCVersionGroup section */
		BE5B49492B0BCA3700093ACB /* Dogs_IOS.xcdatamodeld */ = {
			isa = XCVersionGroup;
			children = (
				BE5B494A2B0BCA3700093ACB /* Dogs_IOS.xcdatamodel */,
			);
			currentVersion = BE5B494A2B0BCA3700093ACB /* Dogs_IOS.xcdatamodel */;
			path = Dogs_IOS.xcdatamodeld;
			sourceTree = "<group>";
			versionGroupType = wrapper.xcdatamodel;
		};
/* End XCVersionGroup section */
	};
	rootObject = BE5B493A2B0BCA3700093ACB /* Project object */;
}
